// !$*UTF8*$!
{
	archiveVersion = 1;
	classes = {
	};
	objectVersion = 77;
	objects = {

/* Begin PBXBuildFile section */
		00A7CA9E5B06C0FCCEF3A522 /* TranscriptionSettingsTests.swift in Sources */ = {isa = PBXBuildFile; fileRef = F5D82D3C326D45826E585020 /* TranscriptionSettingsTests.swift */; };
		026BDCB6F58D692BEAE4AE6F /* RecordingStorageTests.swift in Sources */ = {isa = PBXBuildFile; fileRef = AE3920559C254A5FD15AAA1A /* RecordingStorageTests.swift */; };
				0BAD2E4E18E74C08A2E9BC5A /* RecordingSessionManager.swift in Sources */ = {isa = PBXBuildFile; fileRef = C071DA5CD1B0727B08638D20 /* RecordingSessionManager.swift */; };
		0C589F7682102FA21D67D7C8 /* ConversationListView.swift in Sources */ = {isa = PBXBuildFile; fileRef = 106BB0C874DBAF12707F4E03 /* ConversationListView.swift */; };
		0F94B33BFE9E0B2164A11134 /* SyncStatusSnapshot.swift in Sources */ = {isa = PBXBuildFile; fileRef = 5E61F0E1B823D181A12D870A /* SyncStatusSnapshot.swift */; };
		10EB64A61F9E4CC828B78443 /* RecentConversations.swift in Sources */ = {isa = PBXBuildFile; fileRef = 3E774D2CA1355038C91FAC86 /* RecentConversations.swift */; };
		123C6A2C1FC6A2CF01EC2854 /* LocalDataLayout.swift in Sources */ = {isa = PBXBuildFile; fileRef = 361B6AE42210AB6F48120319 /* LocalDataLayout.swift */; };
		1242CEE988754247D07A66BD /* SetupNoticeSheet.swift in Sources */ = {isa = PBXBuildFile; fileRef = 20B132FC0E08D6F1B4877524 /* SetupNoticeSheet.swift */; };
		144D622B8D99D3288476FDDD /* DictationRecordingAttributes.swift in Sources */ = {isa = PBXBuildFile; fileRef = 2639D64FEF69FF760A26EC89 /* DictationRecordingAttributes.swift */; };
		15343D10DAE5839B2BD76350 /* ConversationStoreDictationTests.swift in Sources */ = {isa = PBXBuildFile; fileRef = D5F1D3FBD807711C44CE63C3 /* ConversationStoreDictationTests.swift */; };
		15CB346142AB54C0CB543D7A /* ChatToolDefinitions.swift in Sources */ = {isa = PBXBuildFile; fileRef = 8D23899F7341D75E8021ED49 /* ChatToolDefinitions.swift */; };
		1DEF34D666E9D6C7D7EE6AEA /* TaskToolExecutor.swift in Sources */ = {isa = PBXBuildFile; fileRef = 75A980934101C980BF8707AE /* TaskToolExecutor.swift */; };
		1EB8FDB999DA78035672F5E3 /* KeychainStore.swift in Sources */ = {isa = PBXBuildFile; fileRef = 735F192909EFBDD686711560 /* KeychainStore.swift */; };
		1EFD28660E2D9C49A9251014 /* MobileSettingsView.swift in Sources */ = {isa = PBXBuildFile; fileRef = 323C3ABD7C267651D0E38D59 /* MobileSettingsView.swift */; };
		21C6E2A99ED3047F72AEC44F /* HeaderQuotePolicyTests.swift in Sources */ = {isa = PBXBuildFile; fileRef = B48ECDED8A21AAF5D467C076 /* HeaderQuotePolicyTests.swift */; };
		249971D22AD461A2B0799C4A /* AssistantTools.swift in Sources */ = {isa = PBXBuildFile; fileRef = 42B09DCC64C75A0E0DCDBDA9 /* AssistantTools.swift */; };
		25D9D6233DF4A55EB80BC580 /* ComposerCollapsePolicyTests.swift in Sources */ = {isa = PBXBuildFile; fileRef = FB7354BB06DF5586F496F2F4 /* ComposerCollapsePolicyTests.swift */; };
		2619F7D99910AF280C503FC9 /* ToolCallsCardView.swift in Sources */ = {isa = PBXBuildFile; fileRef = D7A16E7956F5C6465B8EECCD /* ToolCallsCardView.swift */; };
		2B50D108335F0C15934C60D6 /* StopDictationRecordingIntent.swift in Sources */ = {isa = PBXBuildFile; fileRef = 4AFE100F914067F8B096ED6D /* StopDictationRecordingIntent.swift */; };
		2BD965C24EC1952DF4EEE419 /* SettingsSecrets.swift in Sources */ = {isa = PBXBuildFile; fileRef = 5939BA2C176C994D4536A45E /* SettingsSecrets.swift */; };
				2FD683AE85D47B8BEB2B82B4 /* SettingsSecretsTests.swift in Sources */ = {isa = PBXBuildFile; fileRef = E4485CC6393915027618C569 /* SettingsSecretsTests.swift */; };
		357D3D4146091B409203F23D /* SyncScopes.swift in Sources */ = {isa = PBXBuildFile; fileRef = 4730A624D3A95A9CB16A575B /* SyncScopes.swift */; };
		3A3C082A177417B9140AFACA /* HarnessBootView.swift in Sources */ = {isa = PBXBuildFile; fileRef = AB12E12148FC37481B0D07FC /* HarnessBootView.swift */; };
		3B761F1F1F77F11316E05A02 /* AssistantToolsTests.swift in Sources */ = {isa = PBXBuildFile; fileRef = 2D93A774F93E9AAD621493C8 /* AssistantToolsTests.swift */; };
		3F4969401B9DD8FF599F754D /* HapticFeedback.swift in Sources */ = {isa = PBXBuildFile; fileRef = 21D0CE51605069EA771540E8 /* HapticFeedback.swift */; };
		419EDA5DC88F7461427A0566 /* ConversationSearch.swift in Sources */ = {isa = PBXBuildFile; fileRef = 32065FA0D574656E1869E2A1 /* ConversationSearch.swift */; };
		420B830FE1D91857BF68A184 /* VoiceMemoImportSheet.swift in Sources */ = {isa = PBXBuildFile; fileRef = B5FEF4B1BFBF85B647AB9102 /* VoiceMemoImportSheet.swift */; };
		43DD804E517D5D529F751E1C /* SyncDecision.swift in Sources */ = {isa = PBXBuildFile; fileRef = B2C55D83964459C45EFAF4E9 /* SyncDecision.swift */; };
		4E1EF2930783BB50E1D5222D /* BackupManifest.swift in Sources */ = {isa = PBXBuildFile; fileRef = D7C9D0416E9ECD23AE827A4D /* BackupManifest.swift */; };
		4FB5088484C8D66441D4FCD1 /* DictationRecordingLiveActivityWidget.swift in Sources */ = {isa = PBXBuildFile; fileRef = 6B8C27C4698714280508B611 /* DictationRecordingLiveActivityWidget.swift */; };
		50E34F040480679B7078587F /* OnDeviceTranscriber.swift in Sources */ = {isa = PBXBuildFile; fileRef = B62E255999EB32D0E85324A2 /* OnDeviceTranscriber.swift */; };
		51335FBBF29E775195A92CA1 /* ChatScrollLogicTests.swift in Sources */ = {isa = PBXBuildFile; fileRef = 746D6400C308217CE0C389E9 /* ChatScrollLogicTests.swift */; };
		54B6E1E65065203B5EB3C87E /* MessageRowView.swift in Sources */ = {isa = PBXBuildFile; fileRef = 1617CC47432EDCBB5BEC7730 /* MessageRowView.swift */; };
		5777A17AF89D28980000925F /* RecentConversationsTests.swift in Sources */ = {isa = PBXBuildFile; fileRef = 8D8441C197B1F90EE9AAC04A /* RecentConversationsTests.swift */; };
		58F48E5DAA87FE877B345905 /* TaskStoreTests.swift in Sources */ = {isa = PBXBuildFile; fileRef = 4309A48FBDEEF382B9FC3222 /* TaskStoreTests.swift */; };
		5A04FBB228018839E2AC7FD0 /* TaskModels.swift in Sources */ = {isa = PBXBuildFile; fileRef = E8EDC7BBC9E5869A42F0B0BD /* TaskModels.swift */; };
		5C4A4B35455994C45AC61C05 /* TranscriptDictionary.swift in Sources */ = {isa = PBXBuildFile; fileRef = 3669F9E0A1AD2C79EB77F217 /* TranscriptDictionary.swift */; };
		5EC46457CDA92F533F459CA4 /* tools.json in Resources */ = {isa = PBXBuildFile; fileRef = FD5EF1CE95A488A8F7EADE31 /* tools.json */; };
		610642E64681640235A564C9 /* ContentView.swift in Sources */ = {isa = PBXBuildFile; fileRef = 1E10B07F1BF607A227328880 /* ContentView.swift */; };
		610E828B5C69BA4F1187A16D /* PreviewSupport.swift in Sources */ = {isa = PBXBuildFile; fileRef = 14859E7C56E1266044C8B120 /* PreviewSupport.swift */; };
		65968F52B7CD3EDB2783026F /* SharedToolDefinitions.swift in Sources */ = {isa = PBXBuildFile; fileRef = 8CD23513D40A5639F674398C /* SharedToolDefinitions.swift */; };
		681DD8752E59AE9393AEEE63 /* DictationRecordingSheet.swift in Sources */ = {isa = PBXBuildFile; fileRef = 15C50E7979597071D593EB11 /* DictationRecordingSheet.swift */; };
		694E40C1FC982573A39F6922 /* ComposerDraftStorageTests.swift in Sources */ = {isa = PBXBuildFile; fileRef = B214BC23D6F05A0BA8CB1ADD /* ComposerDraftStorageTests.swift */; };
		6A4CF47B5BC9CC724C1AF37F /* ChatTemporalContext.swift in Sources */ = {isa = PBXBuildFile; fileRef = B5C63089B0E2944246E8B77D /* ChatTemporalContext.swift */; };
		6B7FD8FBACE1A62D96ADF4B6 /* RemoteBackupStoreTests.swift in Sources */ = {isa = PBXBuildFile; fileRef = DD6C78F5A4237F52C16C4269 /* RemoteBackupStoreTests.swift */; };
		6BF72AA3B20A7ABF5C20BE7C /* ConversationModels.swift in Sources */ = {isa = PBXBuildFile; fileRef = D3A2381055E5D605C3B6F813 /* ConversationModels.swift */; };
		6C79BD9C512ED64CD00C27E3 /* ConversationTitlePolicy.swift in Sources */ = {isa = PBXBuildFile; fileRef = 35F51CF22E15C7D534C9651A /* ConversationTitlePolicy.swift */; };
		6FACF4E18F11CBD73D05C87F /* DictationService.swift in Sources */ = {isa = PBXBuildFile; fileRef = AE6172253C5ABE472F7774D5 /* DictationService.swift */; };
		6FF23FB5834882C622528275 /* VoiceMemoTranscriptExtractor.swift in Sources */ = {isa = PBXBuildFile; fileRef = A2351E29292CD00EA870CB08 /* VoiceMemoTranscriptExtractor.swift */; };
		76D9CD368139DC716734DB6E /* CanonicalJson.swift in Sources */ = {isa = PBXBuildFile; fileRef = EAE1DCD61A0E31E0C2B57163 /* CanonicalJson.swift */; };
		76F0EA817A627DDB001EEA70 /* LiquidGlassSurface.swift in Sources */ = {isa = PBXBuildFile; fileRef = C0A9ADD822DFC19A3C629854 /* LiquidGlassSurface.swift */; };
		770BECE0B57F30DF4E39F9F3 /* SharedToolDefinitionsTests.swift in Sources */ = {isa = PBXBuildFile; fileRef = 8708CFE5FF3C575653655123 /* SharedToolDefinitionsTests.swift */; };
		790B7DD0B54714BD2F97636A /* AudioRecorder.swift in Sources */ = {isa = PBXBuildFile; fileRef = 765261EE8A48169A07C84552 /* AudioRecorder.swift */; };
		79C393517DCF3F28CE5F2E3C /* TasksStore.swift in Sources */ = {isa = PBXBuildFile; fileRef = 4BEF9A627EE1ED20DC74693A /* TasksStore.swift */; };
		7A11C4A228A569F2230230B6 /* ChatThreadView.swift in Sources */ = {isa = PBXBuildFile; fileRef = 07B902543D8716C83660DCB1 /* ChatThreadView.swift */; };
		7AB9ACA6CC66996424051999 /* ToolResultJSONTests.swift in Sources */ = {isa = PBXBuildFile; fileRef = A3CEE707D1D4D6B08ABF7405 /* ToolResultJSONTests.swift */; };
		7B28310EB93D34E6352ED9AB /* BundleCodec.swift in Sources */ = {isa = PBXBuildFile; fileRef = BB0AF1D9F3C9BB9FACBE6CDE /* BundleCodec.swift */; };
		7B46CD1F078810100B9FA7F0 /* HarnessMobileRecordingLiveActivity.appex in Embed Foundation Extensions */ = {isa = PBXBuildFile; fileRef = 7F6C077F37C364DAFBCBDC7A /* HarnessMobileRecordingLiveActivity.appex */; settings = {ATTRIBUTES = (RemoveHeadersOnCopy, ); }; };
		7BFD274FB09E2E10C8319899 /* ComposerCollapsePolicy.swift in Sources */ = {isa = PBXBuildFile; fileRef = BDBB2968B6BF1CFC6DA463D1 /* ComposerCollapsePolicy.swift */; };
		7D5F29005FFD4816F4D2F0FF /* SyncChangeSummaryTests.swift in Sources */ = {isa = PBXBuildFile; fileRef = A1A707405489446956F32F0A /* SyncChangeSummaryTests.swift */; };
		7FC26D044BDE3A0750AFC2A7 /* PairingCodeScannerView.swift in Sources */ = {isa = PBXBuildFile; fileRef = AA1C8960CABF2A912F717BCB /* PairingCodeScannerView.swift */; };
		810F72ACFC44841CE17C73C6 /* MarkdownUI in Frameworks */ = {isa = PBXBuildFile; productRef = 15332DFD367E88080C7A28EB /* MarkdownUI */; };
		852226E8BBEC82955EF0977E /* TagNormalization.swift in Sources */ = {isa = PBXBuildFile; fileRef = EF673E8C0C642B79F38552E7 /* TagNormalization.swift */; };
		85B08CA7CD6E602039B3B96C /* AppModel.swift in Sources */ = {isa = PBXBuildFile; fileRef = 130EB856B4947319E3ED74A6 /* AppModel.swift */; };
		B2C3D4E5F60718293A4B5C6D /* ChatRouter.swift in Sources */ = {isa = PBXBuildFile; fileRef = A1B2C3D4E5F60718293A4B5C /* ChatRouter.swift */; };
		87DA3C96886B81F17EE8CC43 /* SyncMergeTests.swift in Sources */ = {isa = PBXBuildFile; fileRef = 88E6573E37354B7074EB23BE /* SyncMergeTests.swift */; };
		87FE2F73E31549E8E15CB1C8 /* RecordingStorage.swift in Sources */ = {isa = PBXBuildFile; fileRef = D223BEDBF4A18F3817035EEB /* RecordingStorage.swift */; };
		8C2C14C6EBDB74B20E4C5292 /* DictationReplyStrip.swift in Sources */ = {isa = PBXBuildFile; fileRef = 17EFC4E3EC5C2436FBDFAD51 /* DictationReplyStrip.swift */; };
		9405865D9D6FCF8A594A473E /* ConversationSearchTests.swift in Sources */ = {isa = PBXBuildFile; fileRef = 314A16A22E55364018036822 /* ConversationSearchTests.swift */; };
		97941B84CF5AC90DCF4CF5E6 /* ChatService.swift in Sources */ = {isa = PBXBuildFile; fileRef = D9B4EBBBE10E0C397F313E3F /* ChatService.swift */; };
		9BF54839F61461DCF82B46A1 /* AudioRecorderMeteringTests.swift in Sources */ = {isa = PBXBuildFile; fileRef = FFA91DAFD23E31A3F80A4798 /* AudioRecorderMeteringTests.swift */; };
		9D33240E15689496B8BDF2D5 /* RecordingPlayer.swift in Sources */ = {isa = PBXBuildFile; fileRef = A19C3B411A377F690CEB538E /* RecordingPlayer.swift */; };
		9EF57575B8FA4F2E75020278 /* SyncEngine.swift in Sources */ = {isa = PBXBuildFile; fileRef = 4851B4A7D4121CE8BECE89F3 /* SyncEngine.swift */; };
		A0CF149FE411F1EE2B5B6EBD /* SotoS3 in Frameworks */ = {isa = PBXBuildFile; productRef = B6A7CB19C1EA9DFAC9E90C7C /* SotoS3 */; };
		A208596463FA339C103E4C31 /* ConversationStoreDeleteTests.swift in Sources */ = {isa = PBXBuildFile; fileRef = A82F9071646C9D795B6B85D9 /* ConversationStoreDeleteTests.swift */; };
		A51DF8FB99765A9C518D0045 /* ConversationStoreComposeTests.swift in Sources */ = {isa = PBXBuildFile; fileRef = 420B5540B8F8F3C17E7902DE /* ConversationStoreComposeTests.swift */; };
		A65C2B2CC4F854E86B42AF9C /* MemorySelector.swift in Sources */ = {isa = PBXBuildFile; fileRef = 3D9AB8496CA62C7D9F89D61D /* MemorySelector.swift */; };
		AA894E53E7E869F0397AD5F3 /* SyncMerge.swift in Sources */ = {isa = PBXBuildFile; fileRef = 2D363056999F761CCBCE3AC6 /* SyncMerge.swift */; };
		AF2401D07E5FDE37E222DB17 /* ConversationStore.swift in Sources */ = {isa = PBXBuildFile; fileRef = 6520E198C97E49C22A8AE024 /* ConversationStore.swift */; };
		B7CDE64EA6821820EACA8DC3 /* RecordingSessionManagerTests.swift in Sources */ = {isa = PBXBuildFile; fileRef = FDAE405549A213E29482ED84 /* RecordingSessionManagerTests.swift */; };
		B83BCB1BDC827F66D8B1FCE6 /* TranscriptionSettings.swift in Sources */ = {isa = PBXBuildFile; fileRef = 4975DF15E874AE22DC1AE545 /* TranscriptionSettings.swift */; };
		B86A5D8CC2397A5E8BD0B2B7 /* SyncChangeSummary.swift in Sources */ = {isa = PBXBuildFile; fileRef = 533229EA4E1BECE9636B6F31 /* SyncChangeSummary.swift */; };
		C221A784C717D9DE6EF4D252 /* TranscriptDictionaryTests.swift in Sources */ = {isa = PBXBuildFile; fileRef = A39F31DA802C19AA1290D5CA /* TranscriptDictionaryTests.swift */; };
		C2568876B7D44BED875BE253 /* HarnessCodeSyntaxHighlighter.swift in Sources */ = {isa = PBXBuildFile; fileRef = 94C72F982A289667D04ED106 /* HarnessCodeSyntaxHighlighter.swift */; };
		C8BBA6AB9024EA02BF81ECD0 /* ChatScrollLogic.swift in Sources */ = {isa = PBXBuildFile; fileRef = 4F5C6110C2CB2994B1A2BF92 /* ChatScrollLogic.swift */; };
		C97786CC3CA855DC973C3FA8 /* ComposeChatView.swift in Sources */ = {isa = PBXBuildFile; fileRef = FCF158BE0BA79A8B0916CCF8 /* ComposeChatView.swift */; };
		D20DCB7F897F0701767CB9AB /* LiveAudioWaveformView.swift in Sources */ = {isa = PBXBuildFile; fileRef = B8272808E124A81961ED90F8 /* LiveAudioWaveformView.swift */; };
		D310CA6926A5B016FAB34DF8 /* HarnessMobileApp.swift in Sources */ = {isa = PBXBuildFile; fileRef = 060D0E272118A569F2C349BE /* HarnessMobileApp.swift */; };
		D7B70933465EFBBFD61CF97A /* HarnessMarkdownView.swift in Sources */ = {isa = PBXBuildFile; fileRef = 9C5735508729C4F3B7EC3348 /* HarnessMarkdownView.swift */; };
		DA0445B6F0BACAB1F6677D58 /* PairingPayloadTests.swift in Sources */ = {isa = PBXBuildFile; fileRef = 5C1C3333EE2C6332A24424BE /* PairingPayloadTests.swift */; };
		DFF4049D373E788583FC18DF /* OpenAIClient.swift in Sources */ = {isa = PBXBuildFile; fileRef = 86F5172174F6290F6B320171 /* OpenAIClient.swift */; };
		E175849E389B13D5263D80E1 /* ChatComposerView.swift in Sources */ = {isa = PBXBuildFile; fileRef = CC6BFAD81034F85FABBC3129 /* ChatComposerView.swift */; };
		E1B9797F98B5922DDDE04289 /* RemoteBackupStore.swift in Sources */ = {isa = PBXBuildFile; fileRef = 313A36142F5789A36D3B8752 /* RemoteBackupStore.swift */; };
		E5618483E335664CF3ACDE8B /* VoiceMemoTranscriptExtractorTests.swift in Sources */ = {isa = PBXBuildFile; fileRef = 668824005DD57BE0B55D1FBD /* VoiceMemoTranscriptExtractorTests.swift */; };
		E96B680F9A4656390372D18A /* PendingSyncTrackerTests.swift in Sources */ = {isa = PBXBuildFile; fileRef = 145AE7FAA1C2BA89D751F58C /* PendingSyncTrackerTests.swift */; };
		EA50455331D50EB114C492B1 /* DictationRecordingIndex.swift in Sources */ = {isa = PBXBuildFile; fileRef = 1839787CAD2E4EEC9EF57AFD /* DictationRecordingIndex.swift */; };
		EDE4E8454465F36E27939DA4 /* Assets.xcassets in Resources */ = {isa = PBXBuildFile; fileRef = ECA1858568F8E70A03F3E641 /* Assets.xcassets */; };
		EFEABA187538F5C00F99FD14 /* HeaderQuotePolicy.swift in Sources */ = {isa = PBXBuildFile; fileRef = 79FC826B40EB55FD4B15E0CD /* HeaderQuotePolicy.swift */; };
		EFF3338D49E04B4D907437F4 /* DictationRecordingAttributes.swift in Sources */ = {isa = PBXBuildFile; fileRef = 2639D64FEF69FF760A26EC89 /* DictationRecordingAttributes.swift */; };
		F0C3F4DBFDD147E2DEDF3BFD /* StopDictationRecordingIntent.swift in Sources */ = {isa = PBXBuildFile; fileRef = 4AFE100F914067F8B096ED6D /* StopDictationRecordingIntent.swift */; };
		F24D1837253B32C9B25323B7 /* PairingPayload.swift in Sources */ = {isa = PBXBuildFile; fileRef = A4E1299233D995333C97F759 /* PairingPayload.swift */; };
		F26713A553B06AB3C1AD5DF4 /* RecordingShareButton.swift in Sources */ = {isa = PBXBuildFile; fileRef = 4EE31425A8D14750774201BB /* RecordingShareButton.swift */; };
		F463A0A74D93A9E19E9BF498 /* SyncPairingSheet.swift in Sources */ = {isa = PBXBuildFile; fileRef = 959B34F50EAE1E930495EE51 /* SyncPairingSheet.swift */; };
		F4640D46522FFF5297232CFB /* TasksListView.swift in Sources */ = {isa = PBXBuildFile; fileRef = 0CAE0B4C85AB63CD5FA804D4 /* TasksListView.swift */; };
		F4665647040E63F683E29AE7 /* HarnessMobileRecordingLiveActivityBundle.swift in Sources */ = {isa = PBXBuildFile; fileRef = B415353B564CF1B20893774D /* HarnessMobileRecordingLiveActivityBundle.swift */; };
		F4EFC0CD1F466858AF56D025 /* BundleCodecTests.swift in Sources */ = {isa = PBXBuildFile; fileRef = 62768ADC96668EC05B169A6F /* BundleCodecTests.swift */; };
		F9A0BED7FDB530414CDD0D72 /* Highlightr in Frameworks */ = {isa = PBXBuildFile; productRef = 23DD1EDBDA5FF0FCF0196607 /* Highlightr */; };
		F9C9189BF904FBB10570066C /* HarnessStorageKeys.swift in Sources */ = {isa = PBXBuildFile; fileRef = 8B4B40AD5E1B792DDB95C222 /* HarnessStorageKeys.swift */; };
		FC6DEB54B8660FCF64662C6D /* SystemPromptSettings.swift in Sources */ = {isa = PBXBuildFile; fileRef = 1B5DA4DA0DFCE13BE6C7D677 /* SystemPromptSettings.swift */; };
		FF4173DEAE0FC47ACC15F9EC /* R2SettingsStore.swift in Sources */ = {isa = PBXBuildFile; fileRef = 53DAF78FF2D79400916203AD /* R2SettingsStore.swift */; };
		54A535B9156B44F2870E960C /* CameraPickerView.swift in Sources */ = {isa = PBXBuildFile; fileRef = 52E4E5F132D24B4B86B9E4A4 /* CameraPickerView.swift */; };
		9413346B766F407597694193 /* ChatImageNormalizer.swift in Sources */ = {isa = PBXBuildFile; fileRef = ADE3A05D8AFD43A79B23A921 /* ChatImageNormalizer.swift */; };
/* End PBXBuildFile section */

/* Begin PBXContainerItemProxy section */
		172822E1A3E240F9EEE576BB /* PBXContainerItemProxy */ = {
			isa = PBXContainerItemProxy;
			containerPortal = 24F012BB8A8FD1B659A7D2ED /* Project object */;
			proxyType = 1;
			remoteGlobalIDString = 215D609463B675FEAD8AD518;
			remoteInfo = HarnessMobile;
		};
		BBA4AFBB596B627F3B4B71DF /* PBXContainerItemProxy */ = {
			isa = PBXContainerItemProxy;
			containerPortal = 24F012BB8A8FD1B659A7D2ED /* Project object */;
			proxyType = 1;
			remoteGlobalIDString = 8B9C42AB19A9CB6ED213D75C;
			remoteInfo = HarnessMobileRecordingLiveActivity;
		};
/* End PBXContainerItemProxy section */

/* Begin PBXCopyFilesBuildPhase section */
		0E3B316824CEFA09DB9C3218 /* Embed Foundation Extensions */ = {
			isa = PBXCopyFilesBuildPhase;
			buildActionMask = 2147483647;
			dstPath = "";
			dstSubfolderSpec = 13;
			files = (
				7B46CD1F078810100B9FA7F0 /* HarnessMobileRecordingLiveActivity.appex in Embed Foundation Extensions */,
			);
			name = "Embed Foundation Extensions";
			runOnlyForDeploymentPostprocessing = 0;
		};
/* End PBXCopyFilesBuildPhase section */

/* Begin PBXFileReference section */
		060D0E272118A569F2C349BE /* HarnessMobileApp.swift */ = {isa = PBXFileReference; lastKnownFileType = sourcecode.swift; path = HarnessMobileApp.swift; sourceTree = "<group>"; };
		07B902543D8716C83660DCB1 /* ChatThreadView.swift */ = {isa = PBXFileReference; lastKnownFileType = sourcecode.swift; path = ChatThreadView.swift; sourceTree = "<group>"; };
		0CAE0B4C85AB63CD5FA804D4 /* TasksListView.swift */ = {isa = PBXFileReference; lastKnownFileType = sourcecode.swift; path = TasksListView.swift; sourceTree = "<group>"; };
		106BB0C874DBAF12707F4E03 /* ConversationListView.swift */ = {isa = PBXFileReference; lastKnownFileType = sourcecode.swift; path = ConversationListView.swift; sourceTree = "<group>"; };
		130EB856B4947319E3ED74A6 /* AppModel.swift */ = {isa = PBXFileReference; lastKnownFileType = sourcecode.swift; path = AppModel.swift; sourceTree = "<group>"; };
		A1B2C3D4E5F60718293A4B5C /* ChatRouter.swift */ = {isa = PBXFileReference; lastKnownFileType = sourcecode.swift; path = ChatRouter.swift; sourceTree = "<group>"; };
		145AE7FAA1C2BA89D751F58C /* PendingSyncTrackerTests.swift */ = {isa = PBXFileReference; lastKnownFileType = sourcecode.swift; path = PendingSyncTrackerTests.swift; sourceTree = "<group>"; };
		14859E7C56E1266044C8B120 /* PreviewSupport.swift */ = {isa = PBXFileReference; lastKnownFileType = sourcecode.swift; path = PreviewSupport.swift; sourceTree = "<group>"; };
		15C50E7979597071D593EB11 /* DictationRecordingSheet.swift */ = {isa = PBXFileReference; lastKnownFileType = sourcecode.swift; path = DictationRecordingSheet.swift; sourceTree = "<group>"; };
		1617CC47432EDCBB5BEC7730 /* MessageRowView.swift */ = {isa = PBXFileReference; lastKnownFileType = sourcecode.swift; path = MessageRowView.swift; sourceTree = "<group>"; };
		17EFC4E3EC5C2436FBDFAD51 /* DictationReplyStrip.swift */ = {isa = PBXFileReference; lastKnownFileType = sourcecode.swift; path = DictationReplyStrip.swift; sourceTree = "<group>"; };
		1839787CAD2E4EEC9EF57AFD /* DictationRecordingIndex.swift */ = {isa = PBXFileReference; lastKnownFileType = sourcecode.swift; path = DictationRecordingIndex.swift; sourceTree = "<group>"; };
		1B5DA4DA0DFCE13BE6C7D677 /* SystemPromptSettings.swift */ = {isa = PBXFileReference; lastKnownFileType = sourcecode.swift; path = SystemPromptSettings.swift; sourceTree = "<group>"; };
		1E10B07F1BF607A227328880 /* ContentView.swift */ = {isa = PBXFileReference; lastKnownFileType = sourcecode.swift; path = ContentView.swift; sourceTree = "<group>"; };
		20B132FC0E08D6F1B4877524 /* SetupNoticeSheet.swift */ = {isa = PBXFileReference; lastKnownFileType = sourcecode.swift; path = SetupNoticeSheet.swift; sourceTree = "<group>"; };
		21D0CE51605069EA771540E8 /* HapticFeedback.swift */ = {isa = PBXFileReference; lastKnownFileType = sourcecode.swift; path = HapticFeedback.swift; sourceTree = "<group>"; };
		2639D64FEF69FF760A26EC89 /* DictationRecordingAttributes.swift */ = {isa = PBXFileReference; lastKnownFileType = sourcecode.swift; path = DictationRecordingAttributes.swift; sourceTree = "<group>"; };
				2D363056999F761CCBCE3AC6 /* SyncMerge.swift */ = {isa = PBXFileReference; lastKnownFileType = sourcecode.swift; path = SyncMerge.swift; sourceTree = "<group>"; };
		2D93A774F93E9AAD621493C8 /* AssistantToolsTests.swift */ = {isa = PBXFileReference; lastKnownFileType = sourcecode.swift; path = AssistantToolsTests.swift; sourceTree = "<group>"; };
		313A36142F5789A36D3B8752 /* RemoteBackupStore.swift */ = {isa = PBXFileReference; lastKnownFileType = sourcecode.swift; path = RemoteBackupStore.swift; sourceTree = "<group>"; };
		314A16A22E55364018036822 /* ConversationSearchTests.swift */ = {isa = PBXFileReference; lastKnownFileType = sourcecode.swift; path = ConversationSearchTests.swift; sourceTree = "<group>"; };
		32065FA0D574656E1869E2A1 /* ConversationSearch.swift */ = {isa = PBXFileReference; lastKnownFileType = sourcecode.swift; path = ConversationSearch.swift; sourceTree = "<group>"; };
		323C3ABD7C267651D0E38D59 /* MobileSettingsView.swift */ = {isa = PBXFileReference; lastKnownFileType = sourcecode.swift; path = MobileSettingsView.swift; sourceTree = "<group>"; };
		34CBE812DD59E5B40836635B /* Info.plist */ = {isa = PBXFileReference; lastKnownFileType = text.plist; path = Info.plist; sourceTree = "<group>"; };
		35F51CF22E15C7D534C9651A /* ConversationTitlePolicy.swift */ = {isa = PBXFileReference; lastKnownFileType = sourcecode.swift; path = ConversationTitlePolicy.swift; sourceTree = "<group>"; };
		361B6AE42210AB6F48120319 /* LocalDataLayout.swift */ = {isa = PBXFileReference; lastKnownFileType = sourcecode.swift; path = LocalDataLayout.swift; sourceTree = "<group>"; };
		3669F9E0A1AD2C79EB77F217 /* TranscriptDictionary.swift */ = {isa = PBXFileReference; lastKnownFileType = sourcecode.swift; path = TranscriptDictionary.swift; sourceTree = "<group>"; };
		3D9AB8496CA62C7D9F89D61D /* MemorySelector.swift */ = {isa = PBXFileReference; lastKnownFileType = sourcecode.swift; path = MemorySelector.swift; sourceTree = "<group>"; };
		3E774D2CA1355038C91FAC86 /* RecentConversations.swift */ = {isa = PBXFileReference; lastKnownFileType = sourcecode.swift; path = RecentConversations.swift; sourceTree = "<group>"; };
		420B5540B8F8F3C17E7902DE /* ConversationStoreComposeTests.swift */ = {isa = PBXFileReference; lastKnownFileType = sourcecode.swift; path = ConversationStoreComposeTests.swift; sourceTree = "<group>"; };
		42B09DCC64C75A0E0DCDBDA9 /* AssistantTools.swift */ = {isa = PBXFileReference; lastKnownFileType = sourcecode.swift; path = AssistantTools.swift; sourceTree = "<group>"; };
		4309A48FBDEEF382B9FC3222 /* TaskStoreTests.swift */ = {isa = PBXFileReference; lastKnownFileType = sourcecode.swift; path = TaskStoreTests.swift; sourceTree = "<group>"; };
		454658974ADDE8DA72E85D10 /* HarnessMobileTests.xctest */ = {isa = PBXFileReference; includeInIndex = 0; lastKnownFileType = wrapper.cfbundle; path = HarnessMobileTests.xctest; sourceTree = BUILT_PRODUCTS_DIR; };
		4730A624D3A95A9CB16A575B /* SyncScopes.swift */ = {isa = PBXFileReference; lastKnownFileType = sourcecode.swift; path = SyncScopes.swift; sourceTree = "<group>"; };
		4851B4A7D4121CE8BECE89F3 /* SyncEngine.swift */ = {isa = PBXFileReference; lastKnownFileType = sourcecode.swift; path = SyncEngine.swift; sourceTree = "<group>"; };
		4975DF15E874AE22DC1AE545 /* TranscriptionSettings.swift */ = {isa = PBXFileReference; lastKnownFileType = sourcecode.swift; path = TranscriptionSettings.swift; sourceTree = "<group>"; };
		4AFE100F914067F8B096ED6D /* StopDictationRecordingIntent.swift */ = {isa = PBXFileReference; lastKnownFileType = sourcecode.swift; path = StopDictationRecordingIntent.swift; sourceTree = "<group>"; };
		4BEF9A627EE1ED20DC74693A /* TasksStore.swift */ = {isa = PBXFileReference; lastKnownFileType = sourcecode.swift; path = TasksStore.swift; sourceTree = "<group>"; };
		4EE31425A8D14750774201BB /* RecordingShareButton.swift */ = {isa = PBXFileReference; lastKnownFileType = sourcecode.swift; path = RecordingShareButton.swift; sourceTree = "<group>"; };
		4F5C6110C2CB2994B1A2BF92 /* ChatScrollLogic.swift */ = {isa = PBXFileReference; lastKnownFileType = sourcecode.swift; path = ChatScrollLogic.swift; sourceTree = "<group>"; };
		533229EA4E1BECE9636B6F31 /* SyncChangeSummary.swift */ = {isa = PBXFileReference; lastKnownFileType = sourcecode.swift; path = SyncChangeSummary.swift; sourceTree = "<group>"; };
				53DAF78FF2D79400916203AD /* R2SettingsStore.swift */ = {isa = PBXFileReference; lastKnownFileType = sourcecode.swift; path = R2SettingsStore.swift; sourceTree = "<group>"; };
		5939BA2C176C994D4536A45E /* SettingsSecrets.swift */ = {isa = PBXFileReference; lastKnownFileType = sourcecode.swift; path = SettingsSecrets.swift; sourceTree = "<group>"; };
		5C1C3333EE2C6332A24424BE /* PairingPayloadTests.swift */ = {isa = PBXFileReference; lastKnownFileType = sourcecode.swift; path = PairingPayloadTests.swift; sourceTree = "<group>"; };
		5E61F0E1B823D181A12D870A /* SyncStatusSnapshot.swift */ = {isa = PBXFileReference; lastKnownFileType = sourcecode.swift; path = SyncStatusSnapshot.swift; sourceTree = "<group>"; };
		62768ADC96668EC05B169A6F /* BundleCodecTests.swift */ = {isa = PBXFileReference; lastKnownFileType = sourcecode.swift; path = BundleCodecTests.swift; sourceTree = "<group>"; };
		6520E198C97E49C22A8AE024 /* ConversationStore.swift */ = {isa = PBXFileReference; lastKnownFileType = sourcecode.swift; path = ConversationStore.swift; sourceTree = "<group>"; };
		668824005DD57BE0B55D1FBD /* VoiceMemoTranscriptExtractorTests.swift */ = {isa = PBXFileReference; lastKnownFileType = sourcecode.swift; path = VoiceMemoTranscriptExtractorTests.swift; sourceTree = "<group>"; };
		6B8C27C4698714280508B611 /* DictationRecordingLiveActivityWidget.swift */ = {isa = PBXFileReference; lastKnownFileType = sourcecode.swift; path = DictationRecordingLiveActivityWidget.swift; sourceTree = "<group>"; };
		735F192909EFBDD686711560 /* KeychainStore.swift */ = {isa = PBXFileReference; lastKnownFileType = sourcecode.swift; path = KeychainStore.swift; sourceTree = "<group>"; };
		746D6400C308217CE0C389E9 /* ChatScrollLogicTests.swift */ = {isa = PBXFileReference; lastKnownFileType = sourcecode.swift; path = ChatScrollLogicTests.swift; sourceTree = "<group>"; };
		75A980934101C980BF8707AE /* TaskToolExecutor.swift */ = {isa = PBXFileReference; lastKnownFileType = sourcecode.swift; path = TaskToolExecutor.swift; sourceTree = "<group>"; };
		765261EE8A48169A07C84552 /* AudioRecorder.swift */ = {isa = PBXFileReference; lastKnownFileType = sourcecode.swift; path = AudioRecorder.swift; sourceTree = "<group>"; };
		79FC826B40EB55FD4B15E0CD /* HeaderQuotePolicy.swift */ = {isa = PBXFileReference; lastKnownFileType = sourcecode.swift; path = HeaderQuotePolicy.swift; sourceTree = "<group>"; };
		7F6C077F37C364DAFBCBDC7A /* HarnessMobileRecordingLiveActivity.appex */ = {isa = PBXFileReference; explicitFileType = "wrapper.app-extension"; includeInIndex = 0; path = HarnessMobileRecordingLiveActivity.appex; sourceTree = BUILT_PRODUCTS_DIR; };
		86F5172174F6290F6B320171 /* OpenAIClient.swift */ = {isa = PBXFileReference; lastKnownFileType = sourcecode.swift; path = OpenAIClient.swift; sourceTree = "<group>"; };
		8708CFE5FF3C575653655123 /* SharedToolDefinitionsTests.swift */ = {isa = PBXFileReference; lastKnownFileType = sourcecode.swift; path = SharedToolDefinitionsTests.swift; sourceTree = "<group>"; };
		88E6573E37354B7074EB23BE /* SyncMergeTests.swift */ = {isa = PBXFileReference; lastKnownFileType = sourcecode.swift; path = SyncMergeTests.swift; sourceTree = "<group>"; };
		8B4B40AD5E1B792DDB95C222 /* HarnessStorageKeys.swift */ = {isa = PBXFileReference; lastKnownFileType = sourcecode.swift; path = HarnessStorageKeys.swift; sourceTree = "<group>"; };
		8CD23513D40A5639F674398C /* SharedToolDefinitions.swift */ = {isa = PBXFileReference; lastKnownFileType = sourcecode.swift; path = SharedToolDefinitions.swift; sourceTree = "<group>"; };
		8D23899F7341D75E8021ED49 /* ChatToolDefinitions.swift */ = {isa = PBXFileReference; lastKnownFileType = sourcecode.swift; path = ChatToolDefinitions.swift; sourceTree = "<group>"; };
		8D8441C197B1F90EE9AAC04A /* RecentConversationsTests.swift */ = {isa = PBXFileReference; lastKnownFileType = sourcecode.swift; path = RecentConversationsTests.swift; sourceTree = "<group>"; };
		94C72F982A289667D04ED106 /* HarnessCodeSyntaxHighlighter.swift */ = {isa = PBXFileReference; lastKnownFileType = sourcecode.swift; path = HarnessCodeSyntaxHighlighter.swift; sourceTree = "<group>"; };
		959B34F50EAE1E930495EE51 /* SyncPairingSheet.swift */ = {isa = PBXFileReference; lastKnownFileType = sourcecode.swift; path = SyncPairingSheet.swift; sourceTree = "<group>"; };
		9C5735508729C4F3B7EC3348 /* HarnessMarkdownView.swift */ = {isa = PBXFileReference; lastKnownFileType = sourcecode.swift; path = HarnessMarkdownView.swift; sourceTree = "<group>"; };
		9DC78AD167D055EA2856FE0C /* Info.plist */ = {isa = PBXFileReference; lastKnownFileType = text.plist; path = Info.plist; sourceTree = "<group>"; };
		9FBAE9F76A8F49349D173680 /* HarnessMobile.app */ = {isa = PBXFileReference; explicitFileType = wrapper.application; includeInIndex = 0; path = HarnessMobile.app; sourceTree = BUILT_PRODUCTS_DIR; };
		A19C3B411A377F690CEB538E /* RecordingPlayer.swift */ = {isa = PBXFileReference; lastKnownFileType = sourcecode.swift; path = RecordingPlayer.swift; sourceTree = "<group>"; };
		A1A707405489446956F32F0A /* SyncChangeSummaryTests.swift */ = {isa = PBXFileReference; lastKnownFileType = sourcecode.swift; path = SyncChangeSummaryTests.swift; sourceTree = "<group>"; };
		A2351E29292CD00EA870CB08 /* VoiceMemoTranscriptExtractor.swift */ = {isa = PBXFileReference; lastKnownFileType = sourcecode.swift; path = VoiceMemoTranscriptExtractor.swift; sourceTree = "<group>"; };
		A39F31DA802C19AA1290D5CA /* TranscriptDictionaryTests.swift */ = {isa = PBXFileReference; lastKnownFileType = sourcecode.swift; path = TranscriptDictionaryTests.swift; sourceTree = "<group>"; };
		A3CEE707D1D4D6B08ABF7405 /* ToolResultJSONTests.swift */ = {isa = PBXFileReference; lastKnownFileType = sourcecode.swift; path = ToolResultJSONTests.swift; sourceTree = "<group>"; };
		A4E1299233D995333C97F759 /* PairingPayload.swift */ = {isa = PBXFileReference; lastKnownFileType = sourcecode.swift; path = PairingPayload.swift; sourceTree = "<group>"; };
		A82F9071646C9D795B6B85D9 /* ConversationStoreDeleteTests.swift */ = {isa = PBXFileReference; lastKnownFileType = sourcecode.swift; path = ConversationStoreDeleteTests.swift; sourceTree = "<group>"; };
		AA1C8960CABF2A912F717BCB /* PairingCodeScannerView.swift */ = {isa = PBXFileReference; lastKnownFileType = sourcecode.swift; path = PairingCodeScannerView.swift; sourceTree = "<group>"; };
		AB12E12148FC37481B0D07FC /* HarnessBootView.swift */ = {isa = PBXFileReference; lastKnownFileType = sourcecode.swift; path = HarnessBootView.swift; sourceTree = "<group>"; };
		AE3920559C254A5FD15AAA1A /* RecordingStorageTests.swift */ = {isa = PBXFileReference; lastKnownFileType = sourcecode.swift; path = RecordingStorageTests.swift; sourceTree = "<group>"; };
		AE6172253C5ABE472F7774D5 /* DictationService.swift */ = {isa = PBXFileReference; lastKnownFileType = sourcecode.swift; path = DictationService.swift; sourceTree = "<group>"; };
		B214BC23D6F05A0BA8CB1ADD /* ComposerDraftStorageTests.swift */ = {isa = PBXFileReference; lastKnownFileType = sourcecode.swift; path = ComposerDraftStorageTests.swift; sourceTree = "<group>"; };
		B2C55D83964459C45EFAF4E9 /* SyncDecision.swift */ = {isa = PBXFileReference; lastKnownFileType = sourcecode.swift; path = SyncDecision.swift; sourceTree = "<group>"; };
		B415353B564CF1B20893774D /* HarnessMobileRecordingLiveActivityBundle.swift */ = {isa = PBXFileReference; lastKnownFileType = sourcecode.swift; path = HarnessMobileRecordingLiveActivityBundle.swift; sourceTree = "<group>"; };
		B48ECDED8A21AAF5D467C076 /* HeaderQuotePolicyTests.swift */ = {isa = PBXFileReference; lastKnownFileType = sourcecode.swift; path = HeaderQuotePolicyTests.swift; sourceTree = "<group>"; };
		B5C63089B0E2944246E8B77D /* ChatTemporalContext.swift */ = {isa = PBXFileReference; lastKnownFileType = sourcecode.swift; path = ChatTemporalContext.swift; sourceTree = "<group>"; };
		B5FEF4B1BFBF85B647AB9102 /* VoiceMemoImportSheet.swift */ = {isa = PBXFileReference; lastKnownFileType = sourcecode.swift; path = VoiceMemoImportSheet.swift; sourceTree = "<group>"; };
		B62E255999EB32D0E85324A2 /* OnDeviceTranscriber.swift */ = {isa = PBXFileReference; lastKnownFileType = sourcecode.swift; path = OnDeviceTranscriber.swift; sourceTree = "<group>"; };
		B8272808E124A81961ED90F8 /* LiveAudioWaveformView.swift */ = {isa = PBXFileReference; lastKnownFileType = sourcecode.swift; path = LiveAudioWaveformView.swift; sourceTree = "<group>"; };
		BB0AF1D9F3C9BB9FACBE6CDE /* BundleCodec.swift */ = {isa = PBXFileReference; lastKnownFileType = sourcecode.swift; path = BundleCodec.swift; sourceTree = "<group>"; };
		BDBB2968B6BF1CFC6DA463D1 /* ComposerCollapsePolicy.swift */ = {isa = PBXFileReference; lastKnownFileType = sourcecode.swift; path = ComposerCollapsePolicy.swift; sourceTree = "<group>"; };
		C071DA5CD1B0727B08638D20 /* RecordingSessionManager.swift */ = {isa = PBXFileReference; lastKnownFileType = sourcecode.swift; path = RecordingSessionManager.swift; sourceTree = "<group>"; };
		C0A9ADD822DFC19A3C629854 /* LiquidGlassSurface.swift */ = {isa = PBXFileReference; lastKnownFileType = sourcecode.swift; path = LiquidGlassSurface.swift; sourceTree = "<group>"; };
		CC6BFAD81034F85FABBC3129 /* ChatComposerView.swift */ = {isa = PBXFileReference; lastKnownFileType = sourcecode.swift; path = ChatComposerView.swift; sourceTree = "<group>"; };
		52E4E5F132D24B4B86B9E4A4 /* CameraPickerView.swift */ = {isa = PBXFileReference; lastKnownFileType = sourcecode.swift; path = CameraPickerView.swift; sourceTree = "<group>"; };
		ADE3A05D8AFD43A79B23A921 /* ChatImageNormalizer.swift */ = {isa = PBXFileReference; lastKnownFileType = sourcecode.swift; path = ChatImageNormalizer.swift; sourceTree = "<group>"; };
		D223BEDBF4A18F3817035EEB /* RecordingStorage.swift */ = {isa = PBXFileReference; lastKnownFileType = sourcecode.swift; path = RecordingStorage.swift; sourceTree = "<group>"; };
		D3A2381055E5D605C3B6F813 /* ConversationModels.swift */ = {isa = PBXFileReference; lastKnownFileType = sourcecode.swift; path = ConversationModels.swift; sourceTree = "<group>"; };
		D5F1D3FBD807711C44CE63C3 /* ConversationStoreDictationTests.swift */ = {isa = PBXFileReference; lastKnownFileType = sourcecode.swift; path = ConversationStoreDictationTests.swift; sourceTree = "<group>"; };
		D7A16E7956F5C6465B8EECCD /* ToolCallsCardView.swift */ = {isa = PBXFileReference; lastKnownFileType = sourcecode.swift; path = ToolCallsCardView.swift; sourceTree = "<group>"; };
		D7C9D0416E9ECD23AE827A4D /* BackupManifest.swift */ = {isa = PBXFileReference; lastKnownFileType = sourcecode.swift; path = BackupManifest.swift; sourceTree = "<group>"; };
		D9B4EBBBE10E0C397F313E3F /* ChatService.swift */ = {isa = PBXFileReference; lastKnownFileType = sourcecode.swift; path = ChatService.swift; sourceTree = "<group>"; };
		DD6C78F5A4237F52C16C4269 /* RemoteBackupStoreTests.swift */ = {isa = PBXFileReference; lastKnownFileType = sourcecode.swift; path = RemoteBackupStoreTests.swift; sourceTree = "<group>"; };
		E4485CC6393915027618C569 /* SettingsSecretsTests.swift */ = {isa = PBXFileReference; lastKnownFileType = sourcecode.swift; path = SettingsSecretsTests.swift; sourceTree = "<group>"; };
		E8EDC7BBC9E5869A42F0B0BD /* TaskModels.swift */ = {isa = PBXFileReference; lastKnownFileType = sourcecode.swift; path = TaskModels.swift; sourceTree = "<group>"; };
		EAE1DCD61A0E31E0C2B57163 /* CanonicalJson.swift */ = {isa = PBXFileReference; lastKnownFileType = sourcecode.swift; path = CanonicalJson.swift; sourceTree = "<group>"; };
		ECA1858568F8E70A03F3E641 /* Assets.xcassets */ = {isa = PBXFileReference; lastKnownFileType = folder.assetcatalog; path = Assets.xcassets; sourceTree = "<group>"; };
		EF673E8C0C642B79F38552E7 /* TagNormalization.swift */ = {isa = PBXFileReference; lastKnownFileType = sourcecode.swift; path = TagNormalization.swift; sourceTree = "<group>"; };
		F5D82D3C326D45826E585020 /* TranscriptionSettingsTests.swift */ = {isa = PBXFileReference; lastKnownFileType = sourcecode.swift; path = TranscriptionSettingsTests.swift; sourceTree = "<group>"; };
		FB7354BB06DF5586F496F2F4 /* ComposerCollapsePolicyTests.swift */ = {isa = PBXFileReference; lastKnownFileType = sourcecode.swift; path = ComposerCollapsePolicyTests.swift; sourceTree = "<group>"; };
		FCF158BE0BA79A8B0916CCF8 /* ComposeChatView.swift */ = {isa = PBXFileReference; lastKnownFileType = sourcecode.swift; path = ComposeChatView.swift; sourceTree = "<group>"; };
		FD5EF1CE95A488A8F7EADE31 /* tools.json */ = {isa = PBXFileReference; lastKnownFileType = text.json; path = tools.json; sourceTree = "<group>"; };
		FDAE405549A213E29482ED84 /* RecordingSessionManagerTests.swift */ = {isa = PBXFileReference; lastKnownFileType = sourcecode.swift; path = RecordingSessionManagerTests.swift; sourceTree = "<group>"; };
		FFA91DAFD23E31A3F80A4798 /* AudioRecorderMeteringTests.swift */ = {isa = PBXFileReference; lastKnownFileType = sourcecode.swift; path = AudioRecorderMeteringTests.swift; sourceTree = "<group>"; };
/* End PBXFileReference section */

/* Begin PBXFrameworksBuildPhase section */
		99A3F7933DFA41ADA4E0A367 /* Frameworks */ = {
			isa = PBXFrameworksBuildPhase;
			buildActionMask = 2147483647;
			files = (
				810F72ACFC44841CE17C73C6 /* MarkdownUI in Frameworks */,
				F9A0BED7FDB530414CDD0D72 /* Highlightr in Frameworks */,
				A0CF149FE411F1EE2B5B6EBD /* SotoS3 in Frameworks */,
			);
			runOnlyForDeploymentPostprocessing = 0;
		};
/* End PBXFrameworksBuildPhase section */

/* Begin PBXGroup section */
		06B53655118FA5FCF4C0B735 /* resources */ = {
			isa = PBXGroup;
			children = (
				5F67EB393E03AF9A4A6AD26D /* SharedContracts */,
			);
			path = resources;
			sourceTree = "<group>";
		};
		082F5680F277CC33C42930DF /* HarnessMobile */ = {
			isa = PBXGroup;
			children = (
				ECA1858568F8E70A03F3E641 /* Assets.xcassets */,
				060D0E272118A569F2C349BE /* HarnessMobileApp.swift */,
				34CBE812DD59E5B40836635B /* Info.plist */,
				3689040061AB26C6F3F61ADF /* App */,
				2CC256CE5CD3B1800D6C3FBE /* Chat */,
				534B4DA5E71B662D7CCE3A74 /* Data */,
				362EFF4D80DC39813D78788C /* Dictation */,
				83AE6CEA45EEFB29D860B8F0 /* Sync */,
				F450C91293438FC53F495222 /* UI */,
			);
			path = HarnessMobile;
			sourceTree = "<group>";
		};
		1A40AA6030F0C28499452F4B /* LiveActivity */ = {
			isa = PBXGroup;
			children = (
				2639D64FEF69FF760A26EC89 /* DictationRecordingAttributes.swift */,
				4AFE100F914067F8B096ED6D /* StopDictationRecordingIntent.swift */,
			);
			path = LiveActivity;
			sourceTree = "<group>";
		};
		2CC256CE5CD3B1800D6C3FBE /* Chat */ = {
			isa = PBXGroup;
			children = (
				42B09DCC64C75A0E0DCDBDA9 /* AssistantTools.swift */,
				D9B4EBBBE10E0C397F313E3F /* ChatService.swift */,
				B5C63089B0E2944246E8B77D /* ChatTemporalContext.swift */,
				8D23899F7341D75E8021ED49 /* ChatToolDefinitions.swift */,
				32065FA0D574656E1869E2A1 /* ConversationSearch.swift */,
				35F51CF22E15C7D534C9651A /* ConversationTitlePolicy.swift */,
				735F192909EFBDD686711560 /* KeychainStore.swift */,
				3D9AB8496CA62C7D9F89D61D /* MemorySelector.swift */,
				86F5172174F6290F6B320171 /* OpenAIClient.swift */,
				3E774D2CA1355038C91FAC86 /* RecentConversations.swift */,
				8CD23513D40A5639F674398C /* SharedToolDefinitions.swift */,
				1B5DA4DA0DFCE13BE6C7D677 /* SystemPromptSettings.swift */,
				75A980934101C980BF8707AE /* TaskToolExecutor.swift */,
			);
			path = Chat;
			sourceTree = "<group>";
		};
		362EFF4D80DC39813D78788C /* Dictation */ = {
			isa = PBXGroup;
			children = (
				765261EE8A48169A07C84552 /* AudioRecorder.swift */,
				1839787CAD2E4EEC9EF57AFD /* DictationRecordingIndex.swift */,
				AE6172253C5ABE472F7774D5 /* DictationService.swift */,
				B62E255999EB32D0E85324A2 /* OnDeviceTranscriber.swift */,
				A19C3B411A377F690CEB538E /* RecordingPlayer.swift */,
				C071DA5CD1B0727B08638D20 /* RecordingSessionManager.swift */,
				D223BEDBF4A18F3817035EEB /* RecordingStorage.swift */,
				3669F9E0A1AD2C79EB77F217 /* TranscriptDictionary.swift */,
				4975DF15E874AE22DC1AE545 /* TranscriptionSettings.swift */,
				A2351E29292CD00EA870CB08 /* VoiceMemoTranscriptExtractor.swift */,
				1A40AA6030F0C28499452F4B /* LiveActivity */,
			);
			path = Dictation;
			sourceTree = "<group>";
		};
		3689040061AB26C6F3F61ADF /* App */ = {
			isa = PBXGroup;
			children = (
				130EB856B4947319E3ED74A6 /* AppModel.swift */,
				A1B2C3D4E5F60718293A4B5C /* ChatRouter.swift */,
			);
			path = App;
			sourceTree = "<group>";
		};
		40CB3D9EECABAA3C08EF509D /* HarnessMobileRecordingLiveActivity */ = {
			isa = PBXGroup;
			children = (
				6B8C27C4698714280508B611 /* DictationRecordingLiveActivityWidget.swift */,
				B415353B564CF1B20893774D /* HarnessMobileRecordingLiveActivityBundle.swift */,
				9DC78AD167D055EA2856FE0C /* Info.plist */,
			);
			path = HarnessMobileRecordingLiveActivity;
			sourceTree = "<group>";
		};
		4C3F4D71FBC06A31C5CFF272 = {
			isa = PBXGroup;
			children = (
				C5328DEF229BCC93C92AE5CB /* harness */,
				082F5680F277CC33C42930DF /* HarnessMobile */,
				40CB3D9EECABAA3C08EF509D /* HarnessMobileRecordingLiveActivity */,
				857B04E594D188682697A7AE /* HarnessMobileTests */,
				F8DE83FA9BF33674DABB06F7 /* Products */,
			);
			sourceTree = "<group>";
		};
		534B4DA5E71B662D7CCE3A74 /* Data */ = {
			isa = PBXGroup;
			children = (
				D3A2381055E5D605C3B6F813 /* ConversationModels.swift */,
				6520E198C97E49C22A8AE024 /* ConversationStore.swift */,
				8B4B40AD5E1B792DDB95C222 /* HarnessStorageKeys.swift */,
				361B6AE42210AB6F48120319 /* LocalDataLayout.swift */,
				EF673E8C0C642B79F38552E7 /* TagNormalization.swift */,
				E8EDC7BBC9E5869A42F0B0BD /* TaskModels.swift */,
				4BEF9A627EE1ED20DC74693A /* TasksStore.swift */,
			);
			path = Data;
			sourceTree = "<group>";
		};
		5F67EB393E03AF9A4A6AD26D /* SharedContracts */ = {
			isa = PBXGroup;
			children = (
				FD5EF1CE95A488A8F7EADE31 /* tools.json */,
			);
			name = SharedContracts;
			path = contracts;
			sourceTree = "<group>";
		};
		83AE6CEA45EEFB29D860B8F0 /* Sync */ = {
			isa = PBXGroup;
			children = (
				D7C9D0416E9ECD23AE827A4D /* BackupManifest.swift */,
				BB0AF1D9F3C9BB9FACBE6CDE /* BundleCodec.swift */,
				EAE1DCD61A0E31E0C2B57163 /* CanonicalJson.swift */,
				A4E1299233D995333C97F759 /* PairingPayload.swift */,
				53DAF78FF2D79400916203AD /* R2SettingsStore.swift */,
				313A36142F5789A36D3B8752 /* RemoteBackupStore.swift */,
				5939BA2C176C994D4536A45E /* SettingsSecrets.swift */,
				533229EA4E1BECE9636B6F31 /* SyncChangeSummary.swift */,
				B2C55D83964459C45EFAF4E9 /* SyncDecision.swift */,
				4851B4A7D4121CE8BECE89F3 /* SyncEngine.swift */,
				2D363056999F761CCBCE3AC6 /* SyncMerge.swift */,
				4730A624D3A95A9CB16A575B /* SyncScopes.swift */,
				5E61F0E1B823D181A12D870A /* SyncStatusSnapshot.swift */,
			);
			path = Sync;
			sourceTree = "<group>";
		};
		857B04E594D188682697A7AE /* HarnessMobileTests */ = {
			isa = PBXGroup;
			children = (
				2D93A774F93E9AAD621493C8 /* AssistantToolsTests.swift */,
				FFA91DAFD23E31A3F80A4798 /* AudioRecorderMeteringTests.swift */,
				62768ADC96668EC05B169A6F /* BundleCodecTests.swift */,
				746D6400C308217CE0C389E9 /* ChatScrollLogicTests.swift */,
				FB7354BB06DF5586F496F2F4 /* ComposerCollapsePolicyTests.swift */,
				B214BC23D6F05A0BA8CB1ADD /* ComposerDraftStorageTests.swift */,
				314A16A22E55364018036822 /* ConversationSearchTests.swift */,
				420B5540B8F8F3C17E7902DE /* ConversationStoreComposeTests.swift */,
				A82F9071646C9D795B6B85D9 /* ConversationStoreDeleteTests.swift */,
				D5F1D3FBD807711C44CE63C3 /* ConversationStoreDictationTests.swift */,
				B48ECDED8A21AAF5D467C076 /* HeaderQuotePolicyTests.swift */,
				5C1C3333EE2C6332A24424BE /* PairingPayloadTests.swift */,
				145AE7FAA1C2BA89D751F58C /* PendingSyncTrackerTests.swift */,
				8D8441C197B1F90EE9AAC04A /* RecentConversationsTests.swift */,
				FDAE405549A213E29482ED84 /* RecordingSessionManagerTests.swift */,
				AE3920559C254A5FD15AAA1A /* RecordingStorageTests.swift */,
				DD6C78F5A4237F52C16C4269 /* RemoteBackupStoreTests.swift */,
				E4485CC6393915027618C569 /* SettingsSecretsTests.swift */,
				8708CFE5FF3C575653655123 /* SharedToolDefinitionsTests.swift */,
				A1A707405489446956F32F0A /* SyncChangeSummaryTests.swift */,
				88E6573E37354B7074EB23BE /* SyncMergeTests.swift */,
				4309A48FBDEEF382B9FC3222 /* TaskStoreTests.swift */,
				A3CEE707D1D4D6B08ABF7405 /* ToolResultJSONTests.swift */,
				A39F31DA802C19AA1290D5CA /* TranscriptDictionaryTests.swift */,
				F5D82D3C326D45826E585020 /* TranscriptionSettingsTests.swift */,
				668824005DD57BE0B55D1FBD /* VoiceMemoTranscriptExtractorTests.swift */,
			);
			path = HarnessMobileTests;
			sourceTree = "<group>";
		};
		C5328DEF229BCC93C92AE5CB /* harness */ = {
			isa = PBXGroup;
			children = (
				06B53655118FA5FCF4C0B735 /* resources */,
			);
			name = harness;
			path = ..;
			sourceTree = "<group>";
		};
		F450C91293438FC53F495222 /* UI */ = {
			isa = PBXGroup;
			children = (
				CC6BFAD81034F85FABBC3129 /* ChatComposerView.swift */,
				52E4E5F132D24B4B86B9E4A4 /* CameraPickerView.swift */,
				ADE3A05D8AFD43A79B23A921 /* ChatImageNormalizer.swift */,
				4F5C6110C2CB2994B1A2BF92 /* ChatScrollLogic.swift */,
				07B902543D8716C83660DCB1 /* ChatThreadView.swift */,
				FCF158BE0BA79A8B0916CCF8 /* ComposeChatView.swift */,
				BDBB2968B6BF1CFC6DA463D1 /* ComposerCollapsePolicy.swift */,
				1E10B07F1BF607A227328880 /* ContentView.swift */,
				106BB0C874DBAF12707F4E03 /* ConversationListView.swift */,
				15C50E7979597071D593EB11 /* DictationRecordingSheet.swift */,
				17EFC4E3EC5C2436FBDFAD51 /* DictationReplyStrip.swift */,
				21D0CE51605069EA771540E8 /* HapticFeedback.swift */,
				AB12E12148FC37481B0D07FC /* HarnessBootView.swift */,
				94C72F982A289667D04ED106 /* HarnessCodeSyntaxHighlighter.swift */,
				9C5735508729C4F3B7EC3348 /* HarnessMarkdownView.swift */,
				79FC826B40EB55FD4B15E0CD /* HeaderQuotePolicy.swift */,
				C0A9ADD822DFC19A3C629854 /* LiquidGlassSurface.swift */,
				B8272808E124A81961ED90F8 /* LiveAudioWaveformView.swift */,
				1617CC47432EDCBB5BEC7730 /* MessageRowView.swift */,
				323C3ABD7C267651D0E38D59 /* MobileSettingsView.swift */,
				AA1C8960CABF2A912F717BCB /* PairingCodeScannerView.swift */,
				14859E7C56E1266044C8B120 /* PreviewSupport.swift */,
				4EE31425A8D14750774201BB /* RecordingShareButton.swift */,
				20B132FC0E08D6F1B4877524 /* SetupNoticeSheet.swift */,
				959B34F50EAE1E930495EE51 /* SyncPairingSheet.swift */,
				0CAE0B4C85AB63CD5FA804D4 /* TasksListView.swift */,
				D7A16E7956F5C6465B8EECCD /* ToolCallsCardView.swift */,
				B5FEF4B1BFBF85B647AB9102 /* VoiceMemoImportSheet.swift */,
			);
			path = UI;
			sourceTree = "<group>";
		};
		F8DE83FA9BF33674DABB06F7 /* Products */ = {
			isa = PBXGroup;
			children = (
				9FBAE9F76A8F49349D173680 /* HarnessMobile.app */,
				7F6C077F37C364DAFBCBDC7A /* HarnessMobileRecordingLiveActivity.appex */,
				454658974ADDE8DA72E85D10 /* HarnessMobileTests.xctest */,
			);
			name = Products;
			sourceTree = "<group>";
		};
/* End PBXGroup section */

/* Begin PBXNativeTarget section */
		215D609463B675FEAD8AD518 /* HarnessMobile */ = {
			isa = PBXNativeTarget;
			buildConfigurationList = 4B65B79E19293354770A0FC5 /* Build configuration list for PBXNativeTarget "HarnessMobile" */;
			buildPhases = (
				F077295E720A4B3B260355DE /* Sources */,
				1D8E6D9861E72B309747FF46 /* Resources */,
				99A3F7933DFA41ADA4E0A367 /* Frameworks */,
				0E3B316824CEFA09DB9C3218 /* Embed Foundation Extensions */,
			);
			buildRules = (
			);
			dependencies = (
				98D62180ED30B6950C998C98 /* PBXTargetDependency */,
			);
			name = HarnessMobile;
			packageProductDependencies = (
				15332DFD367E88080C7A28EB /* MarkdownUI */,
				23DD1EDBDA5FF0FCF0196607 /* Highlightr */,
				B6A7CB19C1EA9DFAC9E90C7C /* SotoS3 */,
			);
			productName = HarnessMobile;
			productReference = 9FBAE9F76A8F49349D173680 /* HarnessMobile.app */;
			productType = "com.apple.product-type.application";
		};
		8B9C42AB19A9CB6ED213D75C /* HarnessMobileRecordingLiveActivity */ = {
			isa = PBXNativeTarget;
			buildConfigurationList = FB6EB8A8C0D4E4052E0755EE /* Build configuration list for PBXNativeTarget "HarnessMobileRecordingLiveActivity" */;
			buildPhases = (
				159AFB5B348999B764282C25 /* Sources */,
			);
			buildRules = (
			);
			dependencies = (
			);
			name = HarnessMobileRecordingLiveActivity;
			packageProductDependencies = (
			);
			productName = HarnessMobileRecordingLiveActivity;
			productReference = 7F6C077F37C364DAFBCBDC7A /* HarnessMobileRecordingLiveActivity.appex */;
			productType = "com.apple.product-type.app-extension";
		};
		A0864F7614913F9EA08A3B85 /* HarnessMobileTests */ = {
			isa = PBXNativeTarget;
			buildConfigurationList = FB22490FE1645741939E8277 /* Build configuration list for PBXNativeTarget "HarnessMobileTests" */;
			buildPhases = (
				A3BBF58E9E2A120A88035BE9 /* Sources */,
			);
			buildRules = (
			);
			dependencies = (
				74BAEBABF10DCA7A5B9AC719 /* PBXTargetDependency */,
			);
			name = HarnessMobileTests;
			packageProductDependencies = (
			);
			productName = HarnessMobileTests;
			productReference = 454658974ADDE8DA72E85D10 /* HarnessMobileTests.xctest */;
			productType = "com.apple.product-type.bundle.unit-test";
		};
/* End PBXNativeTarget section */

/* Begin PBXProject section */
		24F012BB8A8FD1B659A7D2ED /* Project object */ = {
			isa = PBXProject;
			attributes = {
				BuildIndependentTargetsInParallel = YES;
				LastUpgradeCheck = 1430;
				TargetAttributes = {
					A0864F7614913F9EA08A3B85 = {
						DevelopmentTeam = "";
					};
				};
			};
			buildConfigurationList = 214C15A6EA9E3340F69D23C5 /* Build configuration list for PBXProject "HarnessMobile" */;
			developmentRegion = en;
			hasScannedForEncodings = 0;
			knownRegions = (
				Base,
				en,
			);
			mainGroup = 4C3F4D71FBC06A31C5CFF272;
			minimizedProjectReferenceProxies = 1;
			packageReferences = (
				518E54777A6738C0068E7148 /* XCRemoteSwiftPackageReference "Highlightr" */,
				27574D45533AE362DF93EB4A /* XCRemoteSwiftPackageReference "swift-markdown-ui" */,
				4FEA9E1E5542CAD7ACBDF4A9 /* XCRemoteSwiftPackageReference "soto" */,
			);
			preferredProjectObjectVersion = 77;
			productRefGroup = F8DE83FA9BF33674DABB06F7 /* Products */;
			projectDirPath = "";
			projectRoot = "";
			targets = (
				215D609463B675FEAD8AD518 /* HarnessMobile */,
				8B9C42AB19A9CB6ED213D75C /* HarnessMobileRecordingLiveActivity */,
				A0864F7614913F9EA08A3B85 /* HarnessMobileTests */,
			);
		};
/* End PBXProject section */

/* Begin PBXResourcesBuildPhase section */
		1D8E6D9861E72B309747FF46 /* Resources */ = {
			isa = PBXResourcesBuildPhase;
			buildActionMask = 2147483647;
			files = (
				EDE4E8454465F36E27939DA4 /* Assets.xcassets in Resources */,
				5EC46457CDA92F533F459CA4 /* tools.json in Resources */,
			);
			runOnlyForDeploymentPostprocessing = 0;
		};
/* End PBXResourcesBuildPhase section */

/* Begin PBXSourcesBuildPhase section */
		159AFB5B348999B764282C25 /* Sources */ = {
			isa = PBXSourcesBuildPhase;
			buildActionMask = 2147483647;
			files = (
				EFF3338D49E04B4D907437F4 /* DictationRecordingAttributes.swift in Sources */,
				4FB5088484C8D66441D4FCD1 /* DictationRecordingLiveActivityWidget.swift in Sources */,
				F4665647040E63F683E29AE7 /* HarnessMobileRecordingLiveActivityBundle.swift in Sources */,
				F0C3F4DBFDD147E2DEDF3BFD /* StopDictationRecordingIntent.swift in Sources */,
			);
			runOnlyForDeploymentPostprocessing = 0;
		};
		A3BBF58E9E2A120A88035BE9 /* Sources */ = {
			isa = PBXSourcesBuildPhase;
			buildActionMask = 2147483647;
			files = (
				3B761F1F1F77F11316E05A02 /* AssistantToolsTests.swift in Sources */,
				9BF54839F61461DCF82B46A1 /* AudioRecorderMeteringTests.swift in Sources */,
				F4EFC0CD1F466858AF56D025 /* BundleCodecTests.swift in Sources */,
				51335FBBF29E775195A92CA1 /* ChatScrollLogicTests.swift in Sources */,
				25D9D6233DF4A55EB80BC580 /* ComposerCollapsePolicyTests.swift in Sources */,
				694E40C1FC982573A39F6922 /* ComposerDraftStorageTests.swift in Sources */,
				9405865D9D6FCF8A594A473E /* ConversationSearchTests.swift in Sources */,
				A51DF8FB99765A9C518D0045 /* ConversationStoreComposeTests.swift in Sources */,
				A208596463FA339C103E4C31 /* ConversationStoreDeleteTests.swift in Sources */,
				15343D10DAE5839B2BD76350 /* ConversationStoreDictationTests.swift in Sources */,
				21C6E2A99ED3047F72AEC44F /* HeaderQuotePolicyTests.swift in Sources */,
				DA0445B6F0BACAB1F6677D58 /* PairingPayloadTests.swift in Sources */,
				E96B680F9A4656390372D18A /* PendingSyncTrackerTests.swift in Sources */,
				5777A17AF89D28980000925F /* RecentConversationsTests.swift in Sources */,
				B7CDE64EA6821820EACA8DC3 /* RecordingSessionManagerTests.swift in Sources */,
				026BDCB6F58D692BEAE4AE6F /* RecordingStorageTests.swift in Sources */,
				6B7FD8FBACE1A62D96ADF4B6 /* RemoteBackupStoreTests.swift in Sources */,
				2FD683AE85D47B8BEB2B82B4 /* SettingsSecretsTests.swift in Sources */,
				770BECE0B57F30DF4E39F9F3 /* SharedToolDefinitionsTests.swift in Sources */,
				7D5F29005FFD4816F4D2F0FF /* SyncChangeSummaryTests.swift in Sources */,
				87DA3C96886B81F17EE8CC43 /* SyncMergeTests.swift in Sources */,
				58F48E5DAA87FE877B345905 /* TaskStoreTests.swift in Sources */,
				7AB9ACA6CC66996424051999 /* ToolResultJSONTests.swift in Sources */,
				C221A784C717D9DE6EF4D252 /* TranscriptDictionaryTests.swift in Sources */,
				00A7CA9E5B06C0FCCEF3A522 /* TranscriptionSettingsTests.swift in Sources */,
				E5618483E335664CF3ACDE8B /* VoiceMemoTranscriptExtractorTests.swift in Sources */,
			);
			runOnlyForDeploymentPostprocessing = 0;
		};
		F077295E720A4B3B260355DE /* Sources */ = {
			isa = PBXSourcesBuildPhase;
			buildActionMask = 2147483647;
			files = (
				85B08CA7CD6E602039B3B96C /* AppModel.swift in Sources */,
				B2C3D4E5F60718293A4B5C6D /* ChatRouter.swift in Sources */,
				249971D22AD461A2B0799C4A /* AssistantTools.swift in Sources */,
				790B7DD0B54714BD2F97636A /* AudioRecorder.swift in Sources */,
				4E1EF2930783BB50E1D5222D /* BackupManifest.swift in Sources */,
				7B28310EB93D34E6352ED9AB /* BundleCodec.swift in Sources */,
				76D9CD368139DC716734DB6E /* CanonicalJson.swift in Sources */,
				E175849E389B13D5263D80E1 /* ChatComposerView.swift in Sources */,
				54A535B9156B44F2870E960C /* CameraPickerView.swift in Sources */,
				9413346B766F407597694193 /* ChatImageNormalizer.swift in Sources */,
				C8BBA6AB9024EA02BF81ECD0 /* ChatScrollLogic.swift in Sources */,
				97941B84CF5AC90DCF4CF5E6 /* ChatService.swift in Sources */,
				6A4CF47B5BC9CC724C1AF37F /* ChatTemporalContext.swift in Sources */,
				7A11C4A228A569F2230230B6 /* ChatThreadView.swift in Sources */,
				15CB346142AB54C0CB543D7A /* ChatToolDefinitions.swift in Sources */,
				C97786CC3CA855DC973C3FA8 /* ComposeChatView.swift in Sources */,
				7BFD274FB09E2E10C8319899 /* ComposerCollapsePolicy.swift in Sources */,
				610642E64681640235A564C9 /* ContentView.swift in Sources */,
				0C589F7682102FA21D67D7C8 /* ConversationListView.swift in Sources */,
				6BF72AA3B20A7ABF5C20BE7C /* ConversationModels.swift in Sources */,
				419EDA5DC88F7461427A0566 /* ConversationSearch.swift in Sources */,
				AF2401D07E5FDE37E222DB17 /* ConversationStore.swift in Sources */,
				6C79BD9C512ED64CD00C27E3 /* ConversationTitlePolicy.swift in Sources */,
				144D622B8D99D3288476FDDD /* DictationRecordingAttributes.swift in Sources */,
				EA50455331D50EB114C492B1 /* DictationRecordingIndex.swift in Sources */,
				681DD8752E59AE9393AEEE63 /* DictationRecordingSheet.swift in Sources */,
				8C2C14C6EBDB74B20E4C5292 /* DictationReplyStrip.swift in Sources */,
				6FACF4E18F11CBD73D05C87F /* DictationService.swift in Sources */,
				3F4969401B9DD8FF599F754D /* HapticFeedback.swift in Sources */,
				3A3C082A177417B9140AFACA /* HarnessBootView.swift in Sources */,
				C2568876B7D44BED875BE253 /* HarnessCodeSyntaxHighlighter.swift in Sources */,
				D7B70933465EFBBFD61CF97A /* HarnessMarkdownView.swift in Sources */,
				D310CA6926A5B016FAB34DF8 /* HarnessMobileApp.swift in Sources */,
				F9C9189BF904FBB10570066C /* HarnessStorageKeys.swift in Sources */,
				EFEABA187538F5C00F99FD14 /* HeaderQuotePolicy.swift in Sources */,
				1EB8FDB999DA78035672F5E3 /* KeychainStore.swift in Sources */,
				76F0EA817A627DDB001EEA70 /* LiquidGlassSurface.swift in Sources */,
				D20DCB7F897F0701767CB9AB /* LiveAudioWaveformView.swift in Sources */,
				123C6A2C1FC6A2CF01EC2854 /* LocalDataLayout.swift in Sources */,
				A65C2B2CC4F854E86B42AF9C /* MemorySelector.swift in Sources */,
				54B6E1E65065203B5EB3C87E /* MessageRowView.swift in Sources */,
				1EFD28660E2D9C49A9251014 /* MobileSettingsView.swift in Sources */,
				50E34F040480679B7078587F /* OnDeviceTranscriber.swift in Sources */,
				DFF4049D373E788583FC18DF /* OpenAIClient.swift in Sources */,
				7FC26D044BDE3A0750AFC2A7 /* PairingCodeScannerView.swift in Sources */,
				F24D1837253B32C9B25323B7 /* PairingPayload.swift in Sources */,
				610E828B5C69BA4F1187A16D /* PreviewSupport.swift in Sources */,
				FF4173DEAE0FC47ACC15F9EC /* R2SettingsStore.swift in Sources */,
				10EB64A61F9E4CC828B78443 /* RecentConversations.swift in Sources */,
				9D33240E15689496B8BDF2D5 /* RecordingPlayer.swift in Sources */,
				0BAD2E4E18E74C08A2E9BC5A /* RecordingSessionManager.swift in Sources */,
				F26713A553B06AB3C1AD5DF4 /* RecordingShareButton.swift in Sources */,
				87FE2F73E31549E8E15CB1C8 /* RecordingStorage.swift in Sources */,
				E1B9797F98B5922DDDE04289 /* RemoteBackupStore.swift in Sources */,
				2BD965C24EC1952DF4EEE419 /* SettingsSecrets.swift in Sources */,
				1242CEE988754247D07A66BD /* SetupNoticeSheet.swift in Sources */,
				65968F52B7CD3EDB2783026F /* SharedToolDefinitions.swift in Sources */,
				2B50D108335F0C15934C60D6 /* StopDictationRecordingIntent.swift in Sources */,
				B86A5D8CC2397A5E8BD0B2B7 /* SyncChangeSummary.swift in Sources */,
				43DD804E517D5D529F751E1C /* SyncDecision.swift in Sources */,
				9EF57575B8FA4F2E75020278 /* SyncEngine.swift in Sources */,
				AA894E53E7E869F0397AD5F3 /* SyncMerge.swift in Sources */,
				F463A0A74D93A9E19E9BF498 /* SyncPairingSheet.swift in Sources */,
				357D3D4146091B409203F23D /* SyncScopes.swift in Sources */,
				0F94B33BFE9E0B2164A11134 /* SyncStatusSnapshot.swift in Sources */,
				FC6DEB54B8660FCF64662C6D /* SystemPromptSettings.swift in Sources */,
				852226E8BBEC82955EF0977E /* TagNormalization.swift in Sources */,
				5A04FBB228018839E2AC7FD0 /* TaskModels.swift in Sources */,
				1DEF34D666E9D6C7D7EE6AEA /* TaskToolExecutor.swift in Sources */,
				F4640D46522FFF5297232CFB /* TasksListView.swift in Sources */,
				79C393517DCF3F28CE5F2E3C /* TasksStore.swift in Sources */,
				2619F7D99910AF280C503FC9 /* ToolCallsCardView.swift in Sources */,
				5C4A4B35455994C45AC61C05 /* TranscriptDictionary.swift in Sources */,
				B83BCB1BDC827F66D8B1FCE6 /* TranscriptionSettings.swift in Sources */,
				420B830FE1D91857BF68A184 /* VoiceMemoImportSheet.swift in Sources */,
				6FF23FB5834882C622528275 /* VoiceMemoTranscriptExtractor.swift in Sources */,
			);
			runOnlyForDeploymentPostprocessing = 0;
		};
/* End PBXSourcesBuildPhase section */

/* Begin PBXTargetDependency section */
		74BAEBABF10DCA7A5B9AC719 /* PBXTargetDependency */ = {
			isa = PBXTargetDependency;
			target = 215D609463B675FEAD8AD518 /* HarnessMobile */;
			targetProxy = 172822E1A3E240F9EEE576BB /* PBXContainerItemProxy */;
		};
		98D62180ED30B6950C998C98 /* PBXTargetDependency */ = {
			isa = PBXTargetDependency;
			target = 8B9C42AB19A9CB6ED213D75C /* HarnessMobileRecordingLiveActivity */;
			targetProxy = BBA4AFBB596B627F3B4B71DF /* PBXContainerItemProxy */;
		};
/* End PBXTargetDependency section */

/* Begin XCBuildConfiguration section */
		189F0F60A1B052C09D776219 /* Debug */ = {
			isa = XCBuildConfiguration;
			buildSettings = {
				ALWAYS_SEARCH_USER_PATHS = NO;
				CLANG_ANALYZER_NONNULL = YES;
				CLANG_ANALYZER_NUMBER_OBJECT_CONVERSION = YES_AGGRESSIVE;
				CLANG_CXX_LANGUAGE_STANDARD = "gnu++14";
				CLANG_CXX_LIBRARY = "libc++";
				CLANG_ENABLE_MODULES = YES;
				CLANG_ENABLE_OBJC_ARC = YES;
				CLANG_ENABLE_OBJC_WEAK = YES;
				CLANG_WARN_BLOCK_CAPTURE_AUTORELEASING = YES;
				CLANG_WARN_BOOL_CONVERSION = YES;
				CLANG_WARN_COMMA = YES;
				CLANG_WARN_CONSTANT_CONVERSION = YES;
				CLANG_WARN_DEPRECATED_OBJC_IMPLEMENTATIONS = YES;
				CLANG_WARN_DIRECT_OBJC_ISA_USAGE = YES_ERROR;
				CLANG_WARN_DOCUMENTATION_COMMENTS = YES;
				CLANG_WARN_EMPTY_BODY = YES;
				CLANG_WARN_ENUM_CONVERSION = YES;
				CLANG_WARN_INFINITE_RECURSION = YES;
				CLANG_WARN_INT_CONVERSION = YES;
				CLANG_WARN_NON_LITERAL_NULL_CONVERSION = YES;
				CLANG_WARN_OBJC_IMPLICIT_RETAIN_SELF = YES;
				CLANG_WARN_OBJC_LITERAL_CONVERSION = YES;
				CLANG_WARN_OBJC_ROOT_CLASS = YES_ERROR;
				CLANG_WARN_QUOTED_INCLUDE_IN_FRAMEWORK_HEADER = YES;
				CLANG_WARN_RANGE_LOOP_ANALYSIS = YES;
				CLANG_WARN_STRICT_PROTOTYPES = YES;
				CLANG_WARN_SUSPICIOUS_MOVE = YES;
				CLANG_WARN_UNGUARDED_AVAILABILITY = YES_AGGRESSIVE;
				CLANG_WARN_UNREACHABLE_CODE = YES;
				CLANG_WARN__DUPLICATE_METHOD_MATCH = YES;
				COPY_PHASE_STRIP = NO;
				CURRENT_PROJECT_VERSION = 1;
				DEBUG_INFORMATION_FORMAT = dwarf;
				DEVELOPMENT_TEAM = "";
				ENABLE_STRICT_OBJC_MSGSEND = YES;
				ENABLE_TESTABILITY = YES;
				GCC_C_LANGUAGE_STANDARD = gnu11;
				GCC_DYNAMIC_NO_PIC = NO;
				GCC_NO_COMMON_BLOCKS = YES;
				GCC_OPTIMIZATION_LEVEL = 0;
				GCC_PREPROCESSOR_DEFINITIONS = (
					"$(inherited)",
					"DEBUG=1",
				);
				GCC_WARN_64_TO_32_BIT_CONVERSION = YES;
				GCC_WARN_ABOUT_RETURN_TYPE = YES_ERROR;
				GCC_WARN_UNDECLARED_SELECTOR = YES;
				GCC_WARN_UNINITIALIZED_AUTOS = YES_AGGRESSIVE;
				GCC_WARN_UNUSED_FUNCTION = YES;
				GCC_WARN_UNUSED_VARIABLE = YES;
				IPHONEOS_DEPLOYMENT_TARGET = 17.0;
				MARKETING_VERSION = 0.1.0;
				MTL_ENABLE_DEBUG_INFO = INCLUDE_SOURCE;
				MTL_FAST_MATH = YES;
				ONLY_ACTIVE_ARCH = YES;
				PRODUCT_NAME = "$(TARGET_NAME)";
				SDKROOT = iphoneos;
				SWIFT_ACTIVE_COMPILATION_CONDITIONS = DEBUG;
				SWIFT_OPTIMIZATION_LEVEL = "-Onone";
				SWIFT_VERSION = 5.0;
			};
			name = Debug;
		};
		29640546DB76A707DD7AA86F /* Debug */ = {
			isa = XCBuildConfiguration;
			buildSettings = {
				DEVELOPMENT_TEAM = C64DYYG928;
				GENERATE_INFOPLIST_FILE = NO;
				INFOPLIST_FILE = HarnessMobileRecordingLiveActivity/Info.plist;
				LD_RUNPATH_SEARCH_PATHS = (
					"$(inherited)",
					"@executable_path/Frameworks",
					"@executable_path/../../Frameworks",
				);
				PRODUCT_BUNDLE_IDENTIFIER = "com.harness.mobile.recording-live-activity";
				SDKROOT = iphoneos;
				TARGETED_DEVICE_FAMILY = "1,2";
			};
			name = Debug;
		};
		6047FC34E53336E86D26A036 /* Debug */ = {
			isa = XCBuildConfiguration;
			buildSettings = {
				BUNDLE_LOADER = "$(TEST_HOST)";
				GENERATE_INFOPLIST_FILE = YES;
				LD_RUNPATH_SEARCH_PATHS = (
					"$(inherited)",
					"@executable_path/Frameworks",
					"@loader_path/Frameworks",
				);
				PRODUCT_BUNDLE_IDENTIFIER = com.harness.mobile.tests;
				SDKROOT = iphoneos;
				TARGETED_DEVICE_FAMILY = "1,2";
				TEST_HOST = "$(BUILT_PRODUCTS_DIR)/HarnessMobile.app/HarnessMobile";
			};
			name = Debug;
		};
		67A9237974142D3FECDDA3E1 /* Release */ = {
			isa = XCBuildConfiguration;
			buildSettings = {
				ALWAYS_SEARCH_USER_PATHS = NO;
				CLANG_ANALYZER_NONNULL = YES;
				CLANG_ANALYZER_NUMBER_OBJECT_CONVERSION = YES_AGGRESSIVE;
				CLANG_CXX_LANGUAGE_STANDARD = "gnu++14";
				CLANG_CXX_LIBRARY = "libc++";
				CLANG_ENABLE_MODULES = YES;
				CLANG_ENABLE_OBJC_ARC = YES;
				CLANG_ENABLE_OBJC_WEAK = YES;
				CLANG_WARN_BLOCK_CAPTURE_AUTORELEASING = YES;
				CLANG_WARN_BOOL_CONVERSION = YES;
				CLANG_WARN_COMMA = YES;
				CLANG_WARN_CONSTANT_CONVERSION = YES;
				CLANG_WARN_DEPRECATED_OBJC_IMPLEMENTATIONS = YES;
				CLANG_WARN_DIRECT_OBJC_ISA_USAGE = YES_ERROR;
				CLANG_WARN_DOCUMENTATION_COMMENTS = YES;
				CLANG_WARN_EMPTY_BODY = YES;
				CLANG_WARN_ENUM_CONVERSION = YES;
				CLANG_WARN_INFINITE_RECURSION = YES;
				CLANG_WARN_INT_CONVERSION = YES;
				CLANG_WARN_NON_LITERAL_NULL_CONVERSION = YES;
				CLANG_WARN_OBJC_IMPLICIT_RETAIN_SELF = YES;
				CLANG_WARN_OBJC_LITERAL_CONVERSION = YES;
				CLANG_WARN_OBJC_ROOT_CLASS = YES_ERROR;
				CLANG_WARN_QUOTED_INCLUDE_IN_FRAMEWORK_HEADER = YES;
				CLANG_WARN_RANGE_LOOP_ANALYSIS = YES;
				CLANG_WARN_STRICT_PROTOTYPES = YES;
				CLANG_WARN_SUSPICIOUS_MOVE = YES;
				CLANG_WARN_UNGUARDED_AVAILABILITY = YES_AGGRESSIVE;
				CLANG_WARN_UNREACHABLE_CODE = YES;
				CLANG_WARN__DUPLICATE_METHOD_MATCH = YES;
				COPY_PHASE_STRIP = NO;
				CURRENT_PROJECT_VERSION = 1;
				DEBUG_INFORMATION_FORMAT = "dwarf-with-dsym";
				DEVELOPMENT_TEAM = "";
				ENABLE_NS_ASSERTIONS = NO;
				ENABLE_STRICT_OBJC_MSGSEND = YES;
				GCC_C_LANGUAGE_STANDARD = gnu11;
				GCC_NO_COMMON_BLOCKS = YES;
				GCC_WARN_64_TO_32_BIT_CONVERSION = YES;
				GCC_WARN_ABOUT_RETURN_TYPE = YES_ERROR;
				GCC_WARN_UNDECLARED_SELECTOR = YES;
				GCC_WARN_UNINITIALIZED_AUTOS = YES_AGGRESSIVE;
				GCC_WARN_UNUSED_FUNCTION = YES;
				GCC_WARN_UNUSED_VARIABLE = YES;
				IPHONEOS_DEPLOYMENT_TARGET = 17.0;
				MARKETING_VERSION = 0.1.0;
				MTL_ENABLE_DEBUG_INFO = NO;
				MTL_FAST_MATH = YES;
				PRODUCT_NAME = "$(TARGET_NAME)";
				SDKROOT = iphoneos;
				SWIFT_COMPILATION_MODE = wholemodule;
				SWIFT_OPTIMIZATION_LEVEL = "-O";
				SWIFT_VERSION = 5.0;
			};
			name = Release;
		};
		78C661BF53CA587F42640A31 /* Release */ = {
			isa = XCBuildConfiguration;
			buildSettings = {
				BUNDLE_LOADER = "$(TEST_HOST)";
				GENERATE_INFOPLIST_FILE = YES;
				LD_RUNPATH_SEARCH_PATHS = (
					"$(inherited)",
					"@executable_path/Frameworks",
					"@loader_path/Frameworks",
				);
				PRODUCT_BUNDLE_IDENTIFIER = com.harness.mobile.tests;
				SDKROOT = iphoneos;
				TARGETED_DEVICE_FAMILY = "1,2";
				TEST_HOST = "$(BUILT_PRODUCTS_DIR)/HarnessMobile.app/HarnessMobile";
			};
			name = Release;
		};
		D5A857E6D6122F7890AEE30F /* Release */ = {
			isa = XCBuildConfiguration;
			buildSettings = {
				DEVELOPMENT_TEAM = C64DYYG928;
				GENERATE_INFOPLIST_FILE = NO;
				INFOPLIST_FILE = HarnessMobileRecordingLiveActivity/Info.plist;
				LD_RUNPATH_SEARCH_PATHS = (
					"$(inherited)",
					"@executable_path/Frameworks",
					"@executable_path/../../Frameworks",
				);
				PRODUCT_BUNDLE_IDENTIFIER = "com.harness.mobile.recording-live-activity";
				SDKROOT = iphoneos;
				TARGETED_DEVICE_FAMILY = "1,2";
			};
			name = Release;
		};
		D79E0A9BDDDC1A03016BEE0B /* Debug */ = {
			isa = XCBuildConfiguration;
			buildSettings = {
				ASSETCATALOG_COMPILER_APPICON_NAME = AppIcon;
				CODE_SIGN_IDENTITY = "iPhone Developer";
				DEVELOPMENT_TEAM = C64DYYG928;
				GENERATE_INFOPLIST_FILE = NO;
				INFOPLIST_FILE = HarnessMobile/Info.plist;
				LD_RUNPATH_SEARCH_PATHS = (
					"$(inherited)",
					"@executable_path/Frameworks",
				);
				PRODUCT_BUNDLE_IDENTIFIER = com.harness.mobile;
				SDKROOT = iphoneos;
				TARGETED_DEVICE_FAMILY = "1,2";
			};
			name = Debug;
		};
		F412B9DA67D5E2846A4A511A /* Release */ = {
			isa = XCBuildConfiguration;
			buildSettings = {
				ASSETCATALOG_COMPILER_APPICON_NAME = AppIcon;
				CODE_SIGN_IDENTITY = "iPhone Developer";
				DEVELOPMENT_TEAM = C64DYYG928;
				GENERATE_INFOPLIST_FILE = NO;
				INFOPLIST_FILE = HarnessMobile/Info.plist;
				LD_RUNPATH_SEARCH_PATHS = (
					"$(inherited)",
					"@executable_path/Frameworks",
				);
				PRODUCT_BUNDLE_IDENTIFIER = com.harness.mobile;
				SDKROOT = iphoneos;
				TARGETED_DEVICE_FAMILY = "1,2";
			};
			name = Release;
		};
/* End XCBuildConfiguration section */

/* Begin XCConfigurationList section */
		214C15A6EA9E3340F69D23C5 /* Build configuration list for PBXProject "HarnessMobile" */ = {
			isa = XCConfigurationList;
			buildConfigurations = (
				189F0F60A1B052C09D776219 /* Debug */,
				67A9237974142D3FECDDA3E1 /* Release */,
			);
			defaultConfigurationIsVisible = 0;
			defaultConfigurationName = Debug;
		};
		4B65B79E19293354770A0FC5 /* Build configuration list for PBXNativeTarget "HarnessMobile" */ = {
			isa = XCConfigurationList;
			buildConfigurations = (
				D79E0A9BDDDC1A03016BEE0B /* Debug */,
				F412B9DA67D5E2846A4A511A /* Release */,
			);
			defaultConfigurationIsVisible = 0;
			defaultConfigurationName = Debug;
		};
		FB22490FE1645741939E8277 /* Build configuration list for PBXNativeTarget "HarnessMobileTests" */ = {
			isa = XCConfigurationList;
			buildConfigurations = (
				6047FC34E53336E86D26A036 /* Debug */,
				78C661BF53CA587F42640A31 /* Release */,
			);
			defaultConfigurationIsVisible = 0;
			defaultConfigurationName = Debug;
		};
		FB6EB8A8C0D4E4052E0755EE /* Build configuration list for PBXNativeTarget "HarnessMobileRecordingLiveActivity" */ = {
			isa = XCConfigurationList;
			buildConfigurations = (
				29640546DB76A707DD7AA86F /* Debug */,
				D5A857E6D6122F7890AEE30F /* Release */,
			);
			defaultConfigurationIsVisible = 0;
			defaultConfigurationName = Debug;
		};
/* End XCConfigurationList section */

/* Begin XCRemoteSwiftPackageReference section */
		27574D45533AE362DF93EB4A /* XCRemoteSwiftPackageReference "swift-markdown-ui" */ = {
			isa = XCRemoteSwiftPackageReference;
			repositoryURL = "https://github.com/gonzalezreal/swift-markdown-ui";
			requirement = {
				kind = upToNextMajorVersion;
				minimumVersion = 2.4.1;
			};
		};
		4FEA9E1E5542CAD7ACBDF4A9 /* XCRemoteSwiftPackageReference "soto" */ = {
			isa = XCRemoteSwiftPackageReference;
			repositoryURL = "https://github.com/soto-project/soto";
			requirement = {
				kind = upToNextMajorVersion;
				minimumVersion = 7.0.0;
			};
		};
		518E54777A6738C0068E7148 /* XCRemoteSwiftPackageReference "Highlightr" */ = {
			isa = XCRemoteSwiftPackageReference;
			repositoryURL = "https://github.com/raspu/Highlightr";
			requirement = {
				kind = upToNextMajorVersion;
				minimumVersion = 2.2.0;
			};
		};
/* End XCRemoteSwiftPackageReference section */

/* Begin XCSwiftPackageProductDependency section */
		15332DFD367E88080C7A28EB /* MarkdownUI */ = {
			isa = XCSwiftPackageProductDependency;
			package = 27574D45533AE362DF93EB4A /* XCRemoteSwiftPackageReference "swift-markdown-ui" */;
			productName = MarkdownUI;
		};
		23DD1EDBDA5FF0FCF0196607 /* Highlightr */ = {
			isa = XCSwiftPackageProductDependency;
			package = 518E54777A6738C0068E7148 /* XCRemoteSwiftPackageReference "Highlightr" */;
			productName = Highlightr;
		};
		B6A7CB19C1EA9DFAC9E90C7C /* SotoS3 */ = {
			isa = XCSwiftPackageProductDependency;
			package = 4FEA9E1E5542CAD7ACBDF4A9 /* XCRemoteSwiftPackageReference "soto" */;
			productName = SotoS3;
		};
/* End XCSwiftPackageProductDependency section */
	};
	rootObject = 24F012BB8A8FD1B659A7D2ED /* Project object */;
}
